
Microsoft Visual Studio Solution File, Format Version 12.00
# Visual Studio Version 16
VisualStudioVersion = 25.0.1703.7
MinimumVisualStudioVersion = 10.0.40219.1
Project("{FAE04EC0-301F-11D3-BF4B-00C04F79EFBC}") = "Site", "Site.csproj", "{F78C6350-FF83-4DED-AE88-C887D589ABE7}"
EndProject
Global
	GlobalSection(SolutionConfigurationPlatforms) = preSolution
		Debug|Any CPU = Debug|Any CPU
		Release|Any CPU = Release|Any CPU
	EndGlobalSection
	GlobalSection(ProjectConfigurationPlatforms) = postSolution
		{F78C6350-FF83-4DED-AE88-C887D589ABE7}.Debug|Any CPU.ActiveCfg = Debug|Any CPU
		{F78C6350-FF83-4DED-AE88-C887D589ABE7}.Debug|Any CPU.Build.0 = Debug|Any CPU
		{F78C6350-FF83-4DED-AE88-C887D589ABE7}.Release|Any CPU.ActiveCfg = Release|Any CPU
		{F78C6350-FF83-4DED-AE88-C887D589ABE7}.Release|Any CPU.Build.0 = Release|Any CPU
	EndGlobalSection
	GlobalSection(SolutionProperties) = preSolution
		HideSolutionNode = FALSE
	EndGlobalSection
	GlobalSection(ExtensibilityGlobals) = postSolution
		SolutionGuid = {D96A5564-8149-4F06-859E-20022852FEF0}
	EndGlobalSection
EndGlobal
